{
  "originHash" : "ec5b0452c5338f1eca29a47107b1ac03b2d544c8bbb922525e4b9a6ba3cf1e17",
  "pins" : [
    {
      "identity" : "base32",
      "kind" : "remoteSourceControl",
      "location" : "https://github.com/norio-nomura/Base32.git",
      "state" : {
        "revision" : "c4bc0a49689999ae2c7c778f3830a6a6e694efb8",
        "version" : "0.9.0"
      }
    },
    {
      "identity" : "bigint",
      "kind" : "remoteSourceControl",
      "location" : "https://github.com/attaswift/BigInt.git",
      "state" : {
        "revision" : "63feef7820abb1a8fb08587d7da56bb0b7db8751",
        "version" : "6.0.1"
      }
    },
    {
      "identity" : "command",
      "kind" : "remoteSourceControl",
      "location" : "https://github.com/tuist/Command.git",
      "state" : {
        "revision" : "557f412dd4fe757e304b9d75533fbd6bbbd9fed8",
        "version" : "0.14.13"
      }
    },
    {
      "identity" : "cryptoswift",
      "kind" : "remoteSourceControl",
      "location" : "https://github.com/krzyzanowskim/CryptoSwift.git",
      "state" : {
        "revision" : "f2a627b84c1ff96f21ac2fcb623ab36142dd5512",
        "version" : "1.10.0"
      }
    },
    {
      "identity" : "float16",
      "kind" : "remoteSourceControl",
      "location" : "https://github.com/SusanDoggie/Float16.git",
      "state" : {
        "revision" : "936ae66adccf1c91bcaeeb9c0cddde78a13695c3",
        "version" : "1.1.1"
      }
    },
    {
      "identity" : "mockable",
      "kind" : "remoteSourceControl",
      "location" : "https://github.com/Kolos65/Mockable",
      "state" : {
        "revision" : "0b239389c5fa6666fb30dc97fbb23fc3ca851a85",
        "version" : "0.6.4"
      }
    },
    {
      "identity" : "path",
      "kind" : "remoteSourceControl",
      "location" : "https://github.com/tuist/Path",
      "state" : {
        "revision" : "7c74ac435e03a927c3a73134c48b61e60221abcb",
        "version" : "0.3.8"
      }
    },
    {
      "identity" : "swift-asn1",
      "kind" : "remoteSourceControl",
      "location" : "https://github.com/apple/swift-asn1.git",
      "state" : {
        "revision" : "3b6410f7dee09eb33cdd26260c5fd47fda19b0e2",
        "version" : "1.7.3"
      }
    },
    {
      "identity" : "swift-async-algorithms",
      "kind" : "remoteSourceControl",
      "location" : "https://github.com/apple/swift-async-algorithms.git",
      "state" : {
        "revision" : "3da39bbc4e687d4192af7c9cf4eab805745a0b9c",
        "version" : "1.1.5"
      }
    },
    {
      "identity" : "swift-base58",
      "kind" : "remoteSourceControl",
      "location" : "https://github.com/Kingpin-Apps/swift-base58.git",
      "state" : {
        "revision" : "009c0635973723323ca04f30a1323e03d5952bd2",
        "version" : "0.1.5"
      }
    },
    {
      "identity" : "swift-cardano-core",
      "kind" : "remoteSourceControl",
      "location" : "https://github.com/Kingpin-Apps/swift-cardano-core.git",
      "state" : {
        "revision" : "806ee4d296621652f6543986c719eb3f20d72950",
        "version" : "0.5.3"
      }
    },
    {
      "identity" : "swift-cbor-codable",
      "kind" : "remoteSourceControl",
      "location" : "https://github.com/Kingpin-Apps/swift-cbor-codable.git",
      "state" : {
        "revision" : "e35f13077f893193fad30f869b28c372188398f3",
        "version" : "0.3.3"
      }
    },
    {
      "identity" : "swift-collections",
      "kind" : "remoteSourceControl",
      "location" : "https://github.com/apple/swift-collections",
      "state" : {
        "revision" : "a0cb0954ecb21e4e31b0070e6ed5674e8556685a",
        "version" : "1.6.0"
      }
    },
    {
      "identity" : "swift-configuration",
      "kind" : "remoteSourceControl",
      "location" : "https://github.com/apple/swift-configuration",
      "state" : {
        "revision" : "3533f65d3e36dcdffc91ce34ef4d3c9c1887fd4b",
        "version" : "1.2.1"
      }
    },
    {
      "identity" : "swift-configuration-toml",
      "kind" : "remoteSourceControl",
      "location" : "https://github.com/mattt/swift-configuration-toml.git",
      "state" : {
        "revision" : "4ea16b4dfa4b023cecae5ae0368402c4d846d613",
        "version" : "2.0.0"
      }
    },
    {
      "identity" : "swift-crypto",
      "kind" : "remoteSourceControl",
      "location" : "https://github.com/apple/swift-crypto.git",
      "state" : {
        "revision" : "da9d28d69ebe3894b18376c8f2395c2f37b8448f",
        "version" : "4.5.2"
      }
    },
    {
      "identity" : "swift-fraction-number",
      "kind" : "remoteSourceControl",
      "location" : "https://github.com/Frizlab/swift-fraction-number.git",
      "state" : {
        "revision" : "4ba1bfc9b5867cb9472f55dd1e45d4c7477f9453",
        "version" : "0.2.0"
      }
    },
    {
      "identity" : "swift-kes",
      "kind" : "remoteSourceControl",
      "location" : "https://github.com/Kingpin-Apps/swift-kes.git",
      "state" : {
        "revision" : "c79b68762e420d181a9144c6b77c9b24d9bb33e3",
        "version" : "1.0.2"
      }
    },
    {
      "identity" : "swift-log",
      "kind" : "remoteSourceControl",
      "location" : "https://github.com/apple/swift-log.git",
      "state" : {
        "revision" : "9c6fb14227f55d8f711ce3847dc2f419fb0ecacb",
        "version" : "1.15.1"
      }
    },
    {
      "identity" : "swift-metrics",
      "kind" : "remoteSourceControl",
      "location" : "https://github.com/apple/swift-metrics",
      "state" : {
        "revision" : "087e8074afa97040c3b870c8664fe5482fb87cc4",
        "version" : "2.11.0"
      }
    },
    {
      "identity" : "swift-mnemonic",
      "kind" : "remoteSourceControl",
      "location" : "https://github.com/Kingpin-Apps/swift-mnemonic.git",
      "state" : {
        "revision" : "b5fea69fa51b83f53b28673de31b788a0f93eb4a",
        "version" : "0.2.5"
      }
    },
    {
      "identity" : "swift-nacl",
      "kind" : "remoteSourceControl",
      "location" : "https://github.com/Kingpin-Apps/swift-nacl.git",
      "state" : {
        "revision" : "03f8a9e2a7626fdc56f100da78f101fe05002298",
        "version" : "1.0.3"
      }
    },
    {
      "identity" : "swift-numerics",
      "kind" : "remoteSourceControl",
      "location" : "https://github.com/apple/swift-numerics",
      "state" : {
        "revision" : "0c0290ff6b24942dadb83a929ffaaa1481df04a2",
        "version" : "1.1.1"
      }
    },
    {
      "identity" : "swift-service-lifecycle",
      "kind" : "remoteSourceControl",
      "location" : "https://github.com/swift-server/swift-service-lifecycle",
      "state" : {
        "revision" : "7f9326b0326ff86e3646295ea6e891f68c471c5e",
        "version" : "2.12.0"
      }
    },
    {
      "identity" : "swift-syntax",
      "kind" : "remoteSourceControl",
      "location" : "https://github.com/swiftlang/swift-syntax.git",
      "state" : {
        "revision" : "79e4b74a295b6eb74a8b585e3a39d29e70c1dbd1",
        "version" : "603.0.2"
      }
    },
    {
      "identity" : "swift-system",
      "kind" : "remoteSourceControl",
      "location" : "https://github.com/apple/swift-system.git",
      "state" : {
        "revision" : "869129b7bf4ecc57b97d0193ad29690ca2134750",
        "version" : "1.8.1"
      }
    },
    {
      "identity" : "swift-toml",
      "kind" : "remoteSourceControl",
      "location" : "https://github.com/mattt/swift-toml.git",
      "state" : {
        "revision" : "827506c90475e82d5a7f191f950fb3025cbdc0d6",
        "version" : "2.0.0"
      }
    },
    {
      "identity" : "version",
      "kind" : "remoteSourceControl",
      "location" : "https://github.com/mxcl/Version.git",
      "state" : {
        "revision" : "3043fcd2a50375db76d89ff206a612471833d1c2",
        "version" : "2.2.1"
      }
    },
    {
      "identity" : "xctest-dynamic-overlay",
      "kind" : "remoteSourceControl",
      "location" : "https://github.com/pointfreeco/xctest-dynamic-overlay",
      "state" : {
        "revision" : "dfd70507def84cb5fb821278448a262c6ff2bbad",
        "version" : "1.9.0"
      }
    }
  ],
  "version" : 3
}
